
Microsoft Visual Studio Solution File, Format Version 12.00
# Visual Studio 15
VisualStudioVersion = 15.0.27428.2005
MinimumVisualStudioVersion = 10.0.40219.1
Project("{2150E333-8FDC-42A3-9474-1A3956D46DE8}") = "Core", "Core", "{48A39462-93E5-4265-95B1-CEB52437851F}"
EndProject
Project("{2150E333-8FDC-42A3-9474-1A3956D46DE8}") = "Web", "Web", "{BC2DA8E2-A1A8-410D-A73F-39D11ECA57CB}"
EndProject
Project("{FAE04EC0-301F-11D3-BF4B-00C04F79EFBC}") = "Core.Identity", "Core.Identity\Core.Identity.csproj", "{EA2480AF-612E-42DE-8FE0-B10373E274EC}"
EndProject
Project("{FAE04EC0-301F-11D3-BF4B-00C04F79EFBC}") = "WebMembership", "Website\WebMembership.csproj", "{2CFEDF4D-E593-420A-A7B9-5A284EDA3BEB}"
EndProject
Project("{FAE04EC0-301F-11D3-BF4B-00C04F79EFBC}") = "Core.Services", "Core.Services\Core.Services.csproj", "{6ADB1D5D-94EB-4BD3-8B8A-EC8DB80ADEBD}"
EndProject
Project("{FAE04EC0-301F-11D3-BF4B-00C04F79EFBC}") = "Core.Infrastructure", "Core.Infrastructure\Core.Infrastructure.csproj", "{0BA0CAC6-119C-40D6-879F-B08B0DF45A89}"
EndProject
Project("{FAE04EC0-301F-11D3-BF4B-00C04F79EFBC}") = "Core.Data", "Core.Data\Core.Data.csproj", "{26FAC725-427A-4D84-B0BE-87FC4F7DBD4C}"
EndProject
Project("{2150E333-8FDC-42A3-9474-1A3956D46DE8}") = ".nuget", ".nuget", "{62CF3774-768F-412A-A3AA-0D9580C1F19F}"
	ProjectSection(SolutionItems) = preProject
		.nuget\NuGet.Config = .nuget\NuGet.Config
		.nuget\NuGet.exe = .nuget\NuGet.exe
		.nuget\NuGet.targets = .nuget\NuGet.targets
	EndProjectSection
EndProject
Project("{FAE04EC0-301F-11D3-BF4B-00C04F79EFBC}") = "Core.SystemInfo", "Core.SystemInfo\Core.SystemInfo.csproj", "{7289D340-4693-4F7A-A5AA-222E1C07954D}"
EndProject
Global
	GlobalSection(SolutionConfigurationPlatforms) = preSolution
		Debug|Any CPU = Debug|Any CPU
		DSProd|Any CPU = DSProd|Any CPU
		DSUAT|Any CPU = DSUAT|Any CPU
		EasyTest|Any CPU = EasyTest|Any CPU
		PROD|Any CPU = PROD|Any CPU
		Release|Any CPU = Release|Any CPU
		UAT|Any CPU = UAT|Any CPU
	EndGlobalSection
	GlobalSection(ProjectConfigurationPlatforms) = postSolution
		{EA2480AF-612E-42DE-8FE0-B10373E274EC}.Debug|Any CPU.ActiveCfg = Debug|Any CPU
		{EA2480AF-612E-42DE-8FE0-B10373E274EC}.Debug|Any CPU.Build.0 = Debug|Any CPU
		{EA2480AF-612E-42DE-8FE0-B10373E274EC}.DSProd|Any CPU.ActiveCfg = DSProd|Any CPU
		{EA2480AF-612E-42DE-8FE0-B10373E274EC}.DSProd|Any CPU.Build.0 = DSProd|Any CPU
		{EA2480AF-612E-42DE-8FE0-B10373E274EC}.DSUAT|Any CPU.ActiveCfg = DSUAT|Any CPU
		{EA2480AF-612E-42DE-8FE0-B10373E274EC}.DSUAT|Any CPU.Build.0 = DSUAT|Any CPU
		{EA2480AF-612E-42DE-8FE0-B10373E274EC}.EasyTest|Any CPU.ActiveCfg = UAT|Any CPU
		{EA2480AF-612E-42DE-8FE0-B10373E274EC}.EasyTest|Any CPU.Build.0 = UAT|Any CPU
		{EA2480AF-612E-42DE-8FE0-B10373E274EC}.PROD|Any CPU.ActiveCfg = PROD|Any CPU
		{EA2480AF-612E-42DE-8FE0-B10373E274EC}.PROD|Any CPU.Build.0 = PROD|Any CPU
		{EA2480AF-612E-42DE-8FE0-B10373E274EC}.Release|Any CPU.ActiveCfg = Release|Any CPU
		{EA2480AF-612E-42DE-8FE0-B10373E274EC}.Release|Any CPU.Build.0 = Release|Any CPU
		{EA2480AF-612E-42DE-8FE0-B10373E274EC}.UAT|Any CPU.ActiveCfg = UAT|Any CPU
		{EA2480AF-612E-42DE-8FE0-B10373E274EC}.UAT|Any CPU.Build.0 = UAT|Any CPU
		{2CFEDF4D-E593-420A-A7B9-5A284EDA3BEB}.Debug|Any CPU.ActiveCfg = Debug|Any CPU
		{2CFEDF4D-E593-420A-A7B9-5A284EDA3BEB}.Debug|Any CPU.Build.0 = Debug|Any CPU
		{2CFEDF4D-E593-420A-A7B9-5A284EDA3BEB}.Debug|Any CPU.Deploy.0 = Debug|Any CPU
		{2CFEDF4D-E593-420A-A7B9-5A284EDA3BEB}.DSProd|Any CPU.ActiveCfg = DSProd|Any CPU
		{2CFEDF4D-E593-420A-A7B9-5A284EDA3BEB}.DSProd|Any CPU.Build.0 = DSProd|Any CPU
		{2CFEDF4D-E593-420A-A7B9-5A284EDA3BEB}.DSUAT|Any CPU.ActiveCfg = DSUAT|Any CPU
		{2CFEDF4D-E593-420A-A7B9-5A284EDA3BEB}.DSUAT|Any CPU.Build.0 = DSUAT|Any CPU
		{2CFEDF4D-E593-420A-A7B9-5A284EDA3BEB}.EasyTest|Any CPU.ActiveCfg = UAT|Any CPU
		{2CFEDF4D-E593-420A-A7B9-5A284EDA3BEB}.EasyTest|Any CPU.Build.0 = UAT|Any CPU
		{2CFEDF4D-E593-420A-A7B9-5A284EDA3BEB}.PROD|Any CPU.ActiveCfg = PROD|Any CPU
		{2CFEDF4D-E593-420A-A7B9-5A284EDA3BEB}.PROD|Any CPU.Build.0 = PROD|Any CPU
		{2CFEDF4D-E593-420A-A7B9-5A284EDA3BEB}.Release|Any CPU.ActiveCfg = Release|Any CPU
		{2CFEDF4D-E593-420A-A7B9-5A284EDA3BEB}.Release|Any CPU.Build.0 = Release|Any CPU
		{2CFEDF4D-E593-420A-A7B9-5A284EDA3BEB}.UAT|Any CPU.ActiveCfg = UAT|Any CPU
		{2CFEDF4D-E593-420A-A7B9-5A284EDA3BEB}.UAT|Any CPU.Build.0 = UAT|Any CPU
		{6ADB1D5D-94EB-4BD3-8B8A-EC8DB80ADEBD}.Debug|Any CPU.ActiveCfg = Debug|Any CPU
		{6ADB1D5D-94EB-4BD3-8B8A-EC8DB80ADEBD}.Debug|Any CPU.Build.0 = Debug|Any CPU
		{6ADB1D5D-94EB-4BD3-8B8A-EC8DB80ADEBD}.DSProd|Any CPU.ActiveCfg = DSProd|Any CPU
		{6ADB1D5D-94EB-4BD3-8B8A-EC8DB80ADEBD}.DSProd|Any CPU.Build.0 = DSProd|Any CPU
		{6ADB1D5D-94EB-4BD3-8B8A-EC8DB80ADEBD}.DSUAT|Any CPU.ActiveCfg = DSUAT|Any CPU
		{6ADB1D5D-94EB-4BD3-8B8A-EC8DB80ADEBD}.DSUAT|Any CPU.Build.0 = DSUAT|Any CPU
		{6ADB1D5D-94EB-4BD3-8B8A-EC8DB80ADEBD}.EasyTest|Any CPU.ActiveCfg = UAT|Any CPU
		{6ADB1D5D-94EB-4BD3-8B8A-EC8DB80ADEBD}.EasyTest|Any CPU.Build.0 = UAT|Any CPU
		{6ADB1D5D-94EB-4BD3-8B8A-EC8DB80ADEBD}.PROD|Any CPU.ActiveCfg = PROD|Any CPU
		{6ADB1D5D-94EB-4BD3-8B8A-EC8DB80ADEBD}.PROD|Any CPU.Build.0 = PROD|Any CPU
		{6ADB1D5D-94EB-4BD3-8B8A-EC8DB80ADEBD}.Release|Any CPU.ActiveCfg = Release|Any CPU
		{6ADB1D5D-94EB-4BD3-8B8A-EC8DB80ADEBD}.Release|Any CPU.Build.0 = Release|Any CPU
		{6ADB1D5D-94EB-4BD3-8B8A-EC8DB80ADEBD}.UAT|Any CPU.ActiveCfg = UAT|Any CPU
		{6ADB1D5D-94EB-4BD3-8B8A-EC8DB80ADEBD}.UAT|Any CPU.Build.0 = UAT|Any CPU
		{0BA0CAC6-119C-40D6-879F-B08B0DF45A89}.Debug|Any CPU.ActiveCfg = Debug|Any CPU
		{0BA0CAC6-119C-40D6-879F-B08B0DF45A89}.Debug|Any CPU.Build.0 = Debug|Any CPU
		{0BA0CAC6-119C-40D6-879F-B08B0DF45A89}.DSProd|Any CPU.ActiveCfg = DSProd|Any CPU
		{0BA0CAC6-119C-40D6-879F-B08B0DF45A89}.DSProd|Any CPU.Build.0 = DSProd|Any CPU
		{0BA0CAC6-119C-40D6-879F-B08B0DF45A89}.DSUAT|Any CPU.ActiveCfg = DSUAT|Any CPU
		{0BA0CAC6-119C-40D6-879F-B08B0DF45A89}.DSUAT|Any CPU.Build.0 = DSUAT|Any CPU
		{0BA0CAC6-119C-40D6-879F-B08B0DF45A89}.EasyTest|Any CPU.ActiveCfg = UAT|Any CPU
		{0BA0CAC6-119C-40D6-879F-B08B0DF45A89}.EasyTest|Any CPU.Build.0 = UAT|Any CPU
		{0BA0CAC6-119C-40D6-879F-B08B0DF45A89}.PROD|Any CPU.ActiveCfg = PROD|Any CPU
		{0BA0CAC6-119C-40D6-879F-B08B0DF45A89}.PROD|Any CPU.Build.0 = PROD|Any CPU
		{0BA0CAC6-119C-40D6-879F-B08B0DF45A89}.Release|Any CPU.ActiveCfg = Release|Any CPU
		{0BA0CAC6-119C-40D6-879F-B08B0DF45A89}.Release|Any CPU.Build.0 = Release|Any CPU
		{0BA0CAC6-119C-40D6-879F-B08B0DF45A89}.UAT|Any CPU.ActiveCfg = UAT|Any CPU
		{0BA0CAC6-119C-40D6-879F-B08B0DF45A89}.UAT|Any CPU.Build.0 = UAT|Any CPU
		{26FAC725-427A-4D84-B0BE-87FC4F7DBD4C}.Debug|Any CPU.ActiveCfg = Debug|Any CPU
		{26FAC725-427A-4D84-B0BE-87FC4F7DBD4C}.Debug|Any CPU.Build.0 = Debug|Any CPU
		{26FAC725-427A-4D84-B0BE-87FC4F7DBD4C}.DSProd|Any CPU.ActiveCfg = DSProd|Any CPU
		{26FAC725-427A-4D84-B0BE-87FC4F7DBD4C}.DSProd|Any CPU.Build.0 = DSProd|Any CPU
		{26FAC725-427A-4D84-B0BE-87FC4F7DBD4C}.DSUAT|Any CPU.ActiveCfg = DSUAT|Any CPU
		{26FAC725-427A-4D84-B0BE-87FC4F7DBD4C}.DSUAT|Any CPU.Build.0 = DSUAT|Any CPU
		{26FAC725-427A-4D84-B0BE-87FC4F7DBD4C}.EasyTest|Any CPU.ActiveCfg = UAT|Any CPU
		{26FAC725-427A-4D84-B0BE-87FC4F7DBD4C}.EasyTest|Any CPU.Build.0 = UAT|Any CPU
		{26FAC725-427A-4D84-B0BE-87FC4F7DBD4C}.PROD|Any CPU.ActiveCfg = PROD|Any CPU
		{26FAC725-427A-4D84-B0BE-87FC4F7DBD4C}.PROD|Any CPU.Build.0 = PROD|Any CPU
		{26FAC725-427A-4D84-B0BE-87FC4F7DBD4C}.Release|Any CPU.ActiveCfg = Release|Any CPU
		{26FAC725-427A-4D84-B0BE-87FC4F7DBD4C}.Release|Any CPU.Build.0 = Release|Any CPU
		{26FAC725-427A-4D84-B0BE-87FC4F7DBD4C}.UAT|Any CPU.ActiveCfg = UAT|Any CPU
		{26FAC725-427A-4D84-B0BE-87FC4F7DBD4C}.UAT|Any CPU.Build.0 = UAT|Any CPU
		{7289D340-4693-4F7A-A5AA-222E1C07954D}.Debug|Any CPU.ActiveCfg = Debug|Any CPU
		{7289D340-4693-4F7A-A5AA-222E1C07954D}.Debug|Any CPU.Build.0 = Debug|Any CPU
		{7289D340-4693-4F7A-A5AA-222E1C07954D}.DSProd|Any CPU.ActiveCfg = Release|Any CPU
		{7289D340-4693-4F7A-A5AA-222E1C07954D}.DSProd|Any CPU.Build.0 = Release|Any CPU
		{7289D340-4693-4F7A-A5AA-222E1C07954D}.DSUAT|Any CPU.ActiveCfg = Release|Any CPU
		{7289D340-4693-4F7A-A5AA-222E1C07954D}.DSUAT|Any CPU.Build.0 = Release|Any CPU
		{7289D340-4693-4F7A-A5AA-222E1C07954D}.EasyTest|Any CPU.ActiveCfg = Release|Any CPU
		{7289D340-4693-4F7A-A5AA-222E1C07954D}.EasyTest|Any CPU.Build.0 = Release|Any CPU
		{7289D340-4693-4F7A-A5AA-222E1C07954D}.PROD|Any CPU.ActiveCfg = Release|Any CPU
		{7289D340-4693-4F7A-A5AA-222E1C07954D}.PROD|Any CPU.Build.0 = Release|Any CPU
		{7289D340-4693-4F7A-A5AA-222E1C07954D}.Release|Any CPU.ActiveCfg = Release|Any CPU
		{7289D340-4693-4F7A-A5AA-222E1C07954D}.Release|Any CPU.Build.0 = Release|Any CPU
		{7289D340-4693-4F7A-A5AA-222E1C07954D}.UAT|Any CPU.ActiveCfg = Release|Any CPU
		{7289D340-4693-4F7A-A5AA-222E1C07954D}.UAT|Any CPU.Build.0 = Release|Any CPU
	EndGlobalSection
	GlobalSection(SolutionProperties) = preSolution
		HideSolutionNode = FALSE
	EndGlobalSection
	GlobalSection(NestedProjects) = preSolution
		{EA2480AF-612E-42DE-8FE0-B10373E274EC} = {48A39462-93E5-4265-95B1-CEB52437851F}
		{2CFEDF4D-E593-420A-A7B9-5A284EDA3BEB} = {BC2DA8E2-A1A8-410D-A73F-39D11ECA57CB}
		{6ADB1D5D-94EB-4BD3-8B8A-EC8DB80ADEBD} = {48A39462-93E5-4265-95B1-CEB52437851F}
		{0BA0CAC6-119C-40D6-879F-B08B0DF45A89} = {48A39462-93E5-4265-95B1-CEB52437851F}
		{26FAC725-427A-4D84-B0BE-87FC4F7DBD4C} = {48A39462-93E5-4265-95B1-CEB52437851F}
		{7289D340-4693-4F7A-A5AA-222E1C07954D} = {48A39462-93E5-4265-95B1-CEB52437851F}
	EndGlobalSection
	GlobalSection(ExtensibilityGlobals) = postSolution
		VisualSVNWorkingCopyRoot = .
		SolutionGuid = {A11CC41F-1F4A-4362-8416-C78A939C6B5D}
	EndGlobalSection
EndGlobal
